# THIS IS AN AUTOGENERATED FILE. DO NOT EDIT THIS FILE DIRECTLY.
# yarn lockfile v1


better-queue-memory@^1.0.1:
  version "1.0.4"
  resolved "https://registry.yarnpkg.com/better-queue-memory/-/better-queue-memory-1.0.4.tgz#f390d6b30bb3b36aaf2ce52b37a483e8a7a81a22"
  integrity sha512-SWg5wFIShYffEmJpI6LgbL8/3Dqhku7xI1oEiy6FroP9DbcZlG0ZDjxvPdP9t7hTGW40IpIcC6zVoGT1oxjOuA==

better-queue@^3.8.12:
  version "3.8.12"
  resolved "https://registry.yarnpkg.com/better-queue/-/better-queue-3.8.12.tgz#15c18923d0f9778be94f19c3ef2bd85c632d0db3"
  integrity sha512-D9KZ+Us+2AyaCz693/9AyjTg0s8hEmkiM/MB3i09cs4MdK1KgTSGJluXRYmOulR69oLZVo2XDFtqsExDt8oiLA==
  dependencies:
    better-queue-memory "^1.0.1"
    node-eta "^0.9.0"
    uuid "^9.0.0"

node-eta@^0.9.0:
  version "0.9.0"
  resolved "https://registry.yarnpkg.com/node-eta/-/node-eta-0.9.0.tgz#9fb0b099bcd2a021940e603c64254dc003d9a7a8"
  integrity sha512-mTCTZk29tmX1OGfVkPt63H3c3VqXrI2Kvua98S7iUIB/Gbp0MNw05YtUomxQIxnnKMyRIIuY9izPcFixzhSBrA==

uuid@^9.0.0:
  version "9.0.1"
  resolved "https://registry.yarnpkg.com/uuid/-/uuid-9.0.1.tgz#e188d4c8853cc722220392c424cd637f32293f30"
  integrity sha512-b+1eJOlsR9K8HJpow9Ok3fiWOWSIcIzXodvv0rQjVoOVNpWMpxf1wZNpt4y9h10odCNrqnYp1OBzRktckBe3sA==
